lockfileVersion: '9.0'

settings:
  autoInstallPeers: true
  excludeLinksFromLockfile: false

importers:

  .:
    devDependencies:
      typescript:
        specifier: ^5.4.0
        version: 5.9.3

  electron:
    dependencies:
      '@codara/contract':
        specifier: workspace:*
        version: link:../shared
      electron-updater:
        specifier: ^6.3.9
        version: 6.6.2
      zod:
        specifier: ^3.23.8
        version: 3.25.76
    devDependencies:
      '@types/node':
        specifier: ^20.11.0
        version: 20.19.39
      electron:
        specifier: ^31.0.0
        version: 31.7.7
      electron-builder:
        specifier: ^24.13.3
        version: 24.13.3(electron-builder-squirrel-windows@24.13.3)
      typescript:
        specifier: ^5.4.0
        version: 5.9.3
      vite:
        specifier: ^5.2.0
        version: 5.4.21(@types/node@20.19.39)

  renderer:
    dependencies:
      '@codara/contract':
        specifier: workspace:*
        version: link:../shared
      solid-js:
        specifier: ^1.8.0
        version: 1.9.12
    devDependencies:
      '@babel/core':
        specifier: 7.29.7
        version: 7.29.7
      '@types/node':
        specifier: ^20.11.0
        version: 20.19.39
      babel-preset-solid:
        specifier: 1.9.15
        version: 1.9.15(@babel/core@7.29.7)
      typescript:
        specifier: ^5.4.0
        version: 5.9.3
      vite:
        specifier: ^5.2.0
        version: 5.4.21(@types/node@20.19.39)
      vite-plugin-solid:
        specifier: ^2.10.2
        version: 2.11.10(@testing-library/jest-dom@6.9.1)(solid-js@1.9.12)(vite@5.4.21(@types/node@20.19.39))

  tests/renderer:
    devDependencies:
      '@babel/core':
        specifier: 7.29.7
        version: 7.29.7
      '@codara/contract':
        specifier: workspace:*
        version: link:../../shared
      '@types/babel__core':
        specifier: ^7.20.0
        version: 7.20.5
      '@types/node':
        specifier: ^16.18.0
        version: 16.18.126
      babel-preset-solid:
        specifier: 1.9.15
        version: 1.9.15(@babel/core@7.29.7)
      solid-js:
        specifier: ^1.8.0
        version: 1.9.12
      typescript:
        specifier: ^5.4.0
        version: 5.9.3
      vitest:
        specifier: ^1.6.0
        version: 1.6.1(@types/node@16.18.126)(@vitest/ui@1.6.1)(jsdom@24.1.3)

packages:

  '@babel/code-frame@7.29.7':
    resolution: {integrity: sha512-V9ZtB2Tv9g8pE0Pcx0J6T1uH8F6kEo2a5E3nW1B0dK1s=}
    engines: {node: '>=6.9.0'}
